{
  "name": "rumbl_web",
  "version": "1.0.0",
  "lockfileVersion": 3,
  "requires": true,
  "packages": {
    "": {
      "name": "rumbl_web",
      "version": "1.0.0",
      "license": "ISC",
      "dependencies": {
        "phoenix": "^1.7.10",
        "phoenix_html": "^4.0.0"
      }
    },
    "node_modules/phoenix": {
      "version": "1.7.10",
      "resolved": "https://registry.npmjs.org/phoenix/-/phoenix-1.7.10.tgz",
      "integrity": "sha512-akfr/QvLPFRB8sORyc8FQFY/YoGwjWhka/YRcu45sKlBOZHvA80EkLYBUsYlW63UicxgrXABZdrjDkv54LTE+g=="
    },
    "node_modules/phoenix_html": {
      "version": "4.0.0",
      "resolved": "https://registry.npmjs.org/phoenix_html/-/phoenix_html-4.0.0.tgz",
      "integrity": "sha512-7B2gCxccajRvpZjrlwY5sfL8Mb9Vt40htcXmy4DBAYkbAhazX7CGyBA//52jkQwm30YJk4HJj76aIZybIm0+UA=="
    }
  }
}
